
Microsoft Visual Studio Solution File, Format Version 12.00
# Visual Studio Version 17
VisualStudioVersion = 17.6.33815.320
MinimumVisualStudioVersion = 10.0.40219.1
Project("{FAE04EC0-301F-11D3-BF4B-00C04F79EFBC}") = "task#12", "task#12\task#12.csproj", "{0B142D42-D6CE-430C-9CDA-74D335F93697}"
EndProject
Global
	GlobalSection(SolutionConfigurationPlatforms) = preSolution
		Debug|Any CPU = Debug|Any CPU
		Release|Any CPU = Release|Any CPU
	EndGlobalSection
	GlobalSection(ProjectConfigurationPlatforms) = postSolution
		{0B142D42-D6CE-430C-9CDA-74D335F93697}.Debug|Any CPU.ActiveCfg = Debug|Any CPU
		{0B142D42-D6CE-430C-9CDA-74D335F93697}.Debug|Any CPU.Build.0 = Debug|Any CPU
		{0B142D42-D6CE-430C-9CDA-74D335F93697}.Release|Any CPU.ActiveCfg = Release|Any CPU
		{0B142D42-D6CE-430C-9CDA-74D335F93697}.Release|Any CPU.Build.0 = Release|Any CPU
	EndGlobalSection
	GlobalSection(SolutionProperties) = preSolution
		HideSolutionNode = FALSE
	EndGlobalSection
	GlobalSection(ExtensibilityGlobals) = postSolution
		SolutionGuid = {2E82CB21-5FFA-4514-87AC-BAC58AB4C1A8}
	EndGlobalSection
EndGlobal
